
Microsoft Visual Studio Solution File, Format Version 12.00
# Visual Studio 15
VisualStudioVersion = 15.0.27130.2027
MinimumVisualStudioVersion = 10.0.40219.1
Project("{FAE04EC0-301F-11D3-BF4B-00C04F79EFBC}") = "IdeaApp.Android", "IdeaApp\IdeaApp.Android\IdeaApp.Android.csproj", "{C84EE4E8-A263-4E92-819A-762BA09BD64C}"
EndProject
Project("{FAE04EC0-301F-11D3-BF4B-00C04F79EFBC}") = "IdeaApp.iOS", "IdeaApp\IdeaApp.iOS\IdeaApp.iOS.csproj", "{2877BB71-F092-4260-A90D-AAA417DF07FC}"
EndProject
Project("{FAE04EC0-301F-11D3-BF4B-00C04F79EFBC}") = "IdeaApp.UWP", "IdeaApp\IdeaApp.UWP\IdeaApp.UWP.csproj", "{71635AC3-0C86-40FD-B003-F408197D78AA}"
EndProject
Project("{D954291E-2A0B-460D-934E-DC6B0785DB48}") = "IdeaApp", "IdeaApp\IdeaApp\IdeaApp.shproj", "{711B3843-7E31-418E-A406-640835E09FAE}"
EndProject
Global
	GlobalSection(SharedMSBuildProjectFiles) = preSolution
		IdeaApp\IdeaApp\IdeaApp.projitems*{2877bb71-f092-4260-a90d-aaa417df07fc}*SharedItemsImports = 4
		IdeaApp\IdeaApp\IdeaApp.projitems*{711b3843-7e31-418e-a406-640835e09fae}*SharedItemsImports = 13
		IdeaApp\IdeaApp\IdeaApp.projitems*{71635ac3-0c86-40fd-b003-f408197d78aa}*SharedItemsImports = 4
		IdeaApp\IdeaApp\IdeaApp.projitems*{c84ee4e8-a263-4e92-819a-762ba09bd64c}*SharedItemsImports = 4
	EndGlobalSection
	GlobalSection(SolutionConfigurationPlatforms) = preSolution
		Ad-Hoc|Any CPU = Ad-Hoc|Any CPU
		Ad-Hoc|ARM = Ad-Hoc|ARM
		Ad-Hoc|iPhone = Ad-Hoc|iPhone
		Ad-Hoc|iPhoneSimulator = Ad-Hoc|iPhoneSimulator
		Ad-Hoc|x64 = Ad-Hoc|x64
		Ad-Hoc|x86 = Ad-Hoc|x86
		AppStore|Any CPU = AppStore|Any CPU
		AppStore|ARM = AppStore|ARM
		AppStore|iPhone = AppStore|iPhone
		AppStore|iPhoneSimulator = AppStore|iPhoneSimulator
		AppStore|x64 = AppStore|x64
		AppStore|x86 = AppStore|x86
		Debug|Any CPU = Debug|Any CPU
		Debug|ARM = Debug|ARM
		Debug|iPhone = Debug|iPhone
		Debug|iPhoneSimulator = Debug|iPhoneSimulator
		Debug|x64 = Debug|x64
		Debug|x86 = Debug|x86
		Release|Any CPU = Release|Any CPU
		Release|ARM = Release|ARM
		Release|iPhone = Release|iPhone
		Release|iPhoneSimulator = Release|iPhoneSimulator
		Release|x64 = Release|x64
		Release|x86 = Release|x86
	EndGlobalSection
	GlobalSection(ProjectConfigurationPlatforms) = postSolution
		{C84EE4E8-A263-4E92-819A-762BA09BD64C}.Ad-Hoc|Any CPU.ActiveCfg = Release|Any CPU
		{C84EE4E8-A263-4E92-819A-762BA09BD64C}.Ad-Hoc|Any CPU.Build.0 = Release|Any CPU
		{C84EE4E8-A263-4E92-819A-762BA09BD64C}.Ad-Hoc|Any CPU.Deploy.0 = Release|Any CPU
		{C84EE4E8-A263-4E92-819A-762BA09BD64C}.Ad-Hoc|ARM.ActiveCfg = Release|Any CPU
		{C84EE4E8-A263-4E92-819A-762BA09BD64C}.Ad-Hoc|ARM.Build.0 = Release|Any CPU
		{C84EE4E8-A263-4E92-819A-762BA09BD64C}.Ad-Hoc|ARM.Deploy.0 = Release|Any CPU
		{C84EE4E8-A263-4E92-819A-762BA09BD64C}.Ad-Hoc|iPhone.ActiveCfg = Release|Any CPU
		{C84EE4E8-A263-4E92-819A-762BA09BD64C}.Ad-Hoc|iPhone.Build.0 = Release|Any CPU
		{C84EE4E8-A263-4E92-819A-762BA09BD64C}.Ad-Hoc|iPhone.Deploy.0 = Release|Any CPU
		{C84EE4E8-A263-4E92-819A-762BA09BD64C}.Ad-Hoc|iPhoneSimulator.ActiveCfg = Release|Any CPU
		{C84EE4E8-A263-4E92-819A-762BA09BD64C}.Ad-Hoc|iPhoneSimulator.Build.0 = Release|Any CPU
		{C84EE4E8-A263-4E92-819A-762BA09BD64C}.Ad-Hoc|iPhoneSimulator.Deploy.0 = Release|Any CPU
		{C84EE4E8-A263-4E92-819A-762BA09BD64C}.Ad-Hoc|x64.ActiveCfg = Release|Any CPU
		{C84EE4E8-A263-4E92-819A-762BA09BD64C}.Ad-Hoc|x64.Build.0 = Release|Any CPU
		{C84EE4E8-A263-4E92-819A-762BA09BD64C}.Ad-Hoc|x64.Deploy.0 = Release|Any CPU
		{C84EE4E8-A263-4E92-819A-762BA09BD64C}.Ad-Hoc|x86.ActiveCfg = Release|Any CPU
		{C84EE4E8-A263-4E92-819A-762BA09BD64C}.Ad-Hoc|x86.Build.0 = Release|Any CPU
		{C84EE4E8-A263-4E92-819A-762BA09BD64C}.Ad-Hoc|x86.Deploy.0 = Release|Any CPU
		{C84EE4E8-A263-4E92-819A-762BA09BD64C}.AppStore|Any CPU.ActiveCfg = Release|Any CPU
		{C84EE4E8-A263-4E92-819A-762BA09BD64C}.AppStore|Any CPU.Build.0 = Release|Any CPU
		{C84EE4E8-A263-4E92-819A-762BA09BD64C}.AppStore|Any CPU.Deploy.0 = Release|Any CPU
		{C84EE4E8-A263-4E92-819A-762BA09BD64C}.AppStore|ARM.ActiveCfg = Release|Any CPU
		{C84EE4E8-A263-4E92-819A-762BA09BD64C}.AppStore|ARM.Build.0 = Release|Any CPU
		{C84EE4E8-A263-4E92-819A-762BA09BD64C}.AppStore|ARM.Deploy.0 = Release|Any CPU
		{C84EE4E8-A263-4E92-819A-762BA09BD64C}.AppStore|iPhone.ActiveCfg = Release|Any CPU
		{C84EE4E8-A263-4E92-819A-762BA09BD64C}.AppStore|iPhone.Build.0 = Release|Any CPU
		{C84EE4E8-A263-4E92-819A-762BA09BD64C}.AppStore|iPhone.Deploy.0 = Release|Any CPU
		{C84EE4E8-A263-4E92-819A-762BA09BD64C}.AppStore|iPhoneSimulator.ActiveCfg = Release|Any CPU
		{C84EE4E8-A263-4E92-819A-762BA09BD64C}.AppStore|iPhoneSimulator.Build.0 = Release|Any CPU
		{C84EE4E8-A263-4E92-819A-762BA09BD64C}.AppStore|iPhoneSimulator.Deploy.0 = Release|Any CPU
		{C84EE4E8-A263-4E92-819A-762BA09BD64C}.AppStore|x64.ActiveCfg = Release|Any CPU
		{C84EE4E8-A263-4E92-819A-762BA09BD64C}.AppStore|x64.Build.0 = Release|Any CPU
		{C84EE4E8-A263-4E92-819A-762BA09BD64C}.AppStore|x64.Deploy.0 = Release|Any CPU
		{C84EE4E8-A263-4E92-819A-762BA09BD64C}.AppStore|x86.ActiveCfg = Release|Any CPU
		{C84EE4E8-A263-4E92-819A-762BA09BD64C}.AppStore|x86.Build.0 = Release|Any CPU
		{C84EE4E8-A263-4E92-819A-762BA09BD64C}.AppStore|x86.Deploy.0 = Release|Any CPU
		{C84EE4E8-A263-4E92-819A-762BA09BD64C}.Debug|Any CPU.ActiveCfg = Debug|Any CPU
		{C84EE4E8-A263-4E92-819A-762BA09BD64C}.Debug|Any CPU.Build.0 = Debug|Any CPU
		{C84EE4E8-A263-4E92-819A-762BA09BD64C}.Debug|Any CPU.Deploy.0 = Debug|Any CPU
		{C84EE4E8-A263-4E92-819A-762BA09BD64C}.Debug|ARM.ActiveCfg = Debug|Any CPU
		{C84EE4E8-A263-4E92-819A-762BA09BD64C}.Debug|ARM.Build.0 = Debug|Any CPU
		{C84EE4E8-A263-4E92-819A-762BA09BD64C}.Debug|ARM.Deploy.0 = Debug|Any CPU
		{C84EE4E8-A263-4E92-819A-762BA09BD64C}.Debug|iPhone.ActiveCfg = Debug|Any CPU
		{C84EE4E8-A263-4E92-819A-762BA09BD64C}.Debug|iPhone.Build.0 = Debug|Any CPU
		{C84EE4E8-A263-4E92-819A-762BA09BD64C}.Debug|iPhone.Deploy.0 = Debug|Any CPU
		{C84EE4E8-A263-4E92-819A-762BA09BD64C}.Debug|iPhoneSimulator.ActiveCfg = Debug|Any CPU
		{C84EE4E8-A263-4E92-819A-762BA09BD64C}.Debug|iPhoneSimulator.Build.0 = Debug|Any CPU
		{C84EE4E8-A263-4E92-819A-762BA09BD64C}.Debug|iPhoneSimulator.Deploy.0 = Debug|Any CPU
		{C84EE4E8-A263-4E92-819A-762BA09BD64C}.Debug|x64.ActiveCfg = Debug|Any CPU
		{C84EE4E8-A263-4E92-819A-762BA09BD64C}.Debug|x64.Build.0 = Debug|Any CPU
		{C84EE4E8-A263-4E92-819A-762BA09BD64C}.Debug|x64.Deploy.0 = Debug|Any CPU
		{C84EE4E8-A263-4E92-819A-762BA09BD64C}.Debug|x86.ActiveCfg = Debug|Any CPU
		{C84EE4E8-A263-4E92-819A-762BA09BD64C}.Debug|x86.Build.0 = Debug|Any CPU
		{C84EE4E8-A263-4E92-819A-762BA09BD64C}.Debug|x86.Deploy.0 = Debug|Any CPU
		{C84EE4E8-A263-4E92-819A-762BA09BD64C}.Release|Any CPU.ActiveCfg = Release|Any CPU
		{C84EE4E8-A263-4E92-819A-762BA09BD64C}.Release|Any CPU.Build.0 = Release|Any CPU
		{C84EE4E8-A263-4E92-819A-762BA09BD64C}.Release|Any CPU.Deploy.0 = Release|Any CPU
		{C84EE4E8-A263-4E92-819A-762BA09BD64C}.Release|ARM.ActiveCfg = Release|Any CPU
		{C84EE4E8-A263-4E92-819A-762BA09BD64C}.Release|ARM.Build.0 = Release|Any CPU
		{C84EE4E8-A263-4E92-819A-762BA09BD64C}.Release|ARM.Deploy.0 = Release|Any CPU
		{C84EE4E8-A263-4E92-819A-762BA09BD64C}.Release|iPhone.ActiveCfg = Release|Any CPU
		{C84EE4E8-A263-4E92-819A-762BA09BD64C}.Release|iPhone.Build.0 = Release|Any CPU
		{C84EE4E8-A263-4E92-819A-762BA09BD64C}.Release|iPhone.Deploy.0 = Release|Any CPU
		{C84EE4E8-A263-4E92-819A-762BA09BD64C}.Release|iPhoneSimulator.ActiveCfg = Release|Any CPU
		{C84EE4E8-A263-4E92-819A-762BA09BD64C}.Release|iPhoneSimulator.Build.0 = Release|Any CPU
		{C84EE4E8-A263-4E92-819A-762BA09BD64C}.Release|iPhoneSimulator.Deploy.0 = Release|Any CPU
		{C84EE4E8-A263-4E92-819A-762BA09BD64C}.Release|x64.ActiveCfg = Release|Any CPU
		{C84EE4E8-A263-4E92-819A-762BA09BD64C}.Release|x64.Build.0 = Release|Any CPU
		{C84EE4E8-A263-4E92-819A-762BA09BD64C}.Release|x64.Deploy.0 = Release|Any CPU
		{C84EE4E8-A263-4E92-819A-762BA09BD64C}.Release|x86.ActiveCfg = Release|Any CPU
		{C84EE4E8-A263-4E92-819A-762BA09BD64C}.Release|x86.Build.0 = Release|Any CPU
		{C84EE4E8-A263-4E92-819A-762BA09BD64C}.Release|x86.Deploy.0 = Release|Any CPU
		{2877BB71-F092-4260-A90D-AAA417DF07FC}.Ad-Hoc|Any CPU.ActiveCfg = Ad-Hoc|iPhone
		{2877BB71-F092-4260-A90D-AAA417DF07FC}.Ad-Hoc|ARM.ActiveCfg = Ad-Hoc|iPhone
		{2877BB71-F092-4260-A90D-AAA417DF07FC}.Ad-Hoc|iPhone.ActiveCfg = Ad-Hoc|iPhone
		{2877BB71-F092-4260-A90D-AAA417DF07FC}.Ad-Hoc|iPhone.Build.0 = Ad-Hoc|iPhone
		{2877BB71-F092-4260-A90D-AAA417DF07FC}.Ad-Hoc|iPhoneSimulator.ActiveCfg = Ad-Hoc|iPhoneSimulator
		{2877BB71-F092-4260-A90D-AAA417DF07FC}.Ad-Hoc|iPhoneSimulator.Build.0 = Ad-Hoc|iPhoneSimulator
		{2877BB71-F092-4260-A90D-AAA417DF07FC}.Ad-Hoc|x64.ActiveCfg = Ad-Hoc|iPhone
		{2877BB71-F092-4260-A90D-AAA417DF07FC}.Ad-Hoc|x86.ActiveCfg = Ad-Hoc|iPhone
		{2877BB71-F092-4260-A90D-AAA417DF07FC}.AppStore|Any CPU.ActiveCfg = AppStore|iPhone
		{2877BB71-F092-4260-A90D-AAA417DF07FC}.AppStore|ARM.ActiveCfg = AppStore|iPhone
		{2877BB71-F092-4260-A90D-AAA417DF07FC}.AppStore|iPhone.ActiveCfg = AppStore|iPhone
		{2877BB71-F092-4260-A90D-AAA417DF07FC}.AppStore|iPhone.Build.0 = AppStore|iPhone
		{2877BB71-F092-4260-A90D-AAA417DF07FC}.AppStore|iPhoneSimulator.ActiveCfg = AppStore|iPhoneSimulator
		{2877BB71-F092-4260-A90D-AAA417DF07FC}.AppStore|iPhoneSimulator.Build.0 = AppStore|iPhoneSimulator
		{2877BB71-F092-4260-A90D-AAA417DF07FC}.AppStore|x64.ActiveCfg = AppStore|iPhone
		{2877BB71-F092-4260-A90D-AAA417DF07FC}.AppStore|x86.ActiveCfg = AppStore|iPhone
		{2877BB71-F092-4260-A90D-AAA417DF07FC}.Debug|Any CPU.ActiveCfg = Debug|iPhone
		{2877BB71-F092-4260-A90D-AAA417DF07FC}.Debug|ARM.ActiveCfg = Debug|iPhone
		{2877BB71-F092-4260-A90D-AAA417DF07FC}.Debug|iPhone.ActiveCfg = Debug|iPhone
		{2877BB71-F092-4260-A90D-AAA417DF07FC}.Debug|iPhone.Build.0 = Debug|iPhone
		{2877BB71-F092-4260-A90D-AAA417DF07FC}.Debug|iPhoneSimulator.ActiveCfg = Debug|iPhoneSimulator
		{2877BB71-F092-4260-A90D-AAA417DF07FC}.Debug|iPhoneSimulator.Build.0 = Debug|iPhoneSimulator
		{2877BB71-F092-4260-A90D-AAA417DF07FC}.Debug|x64.ActiveCfg = Debug|iPhone
		{2877BB71-F092-4260-A90D-AAA417DF07FC}.Debug|x86.ActiveCfg = Debug|iPhone
		{2877BB71-F092-4260-A90D-AAA417DF07FC}.Release|Any CPU.ActiveCfg = Release|iPhone
		{2877BB71-F092-4260-A90D-AAA417DF07FC}.Release|ARM.ActiveCfg = Release|iPhone
		{2877BB71-F092-4260-A90D-AAA417DF07FC}.Release|iPhone.ActiveCfg = Release|iPhone
		{2877BB71-F092-4260-A90D-AAA417DF07FC}.Release|iPhone.Build.0 = Release|iPhone
		{2877BB71-F092-4260-A90D-AAA417DF07FC}.Release|iPhoneSimulator.ActiveCfg = Release|iPhoneSimulator
		{2877BB71-F092-4260-A90D-AAA417DF07FC}.Release|iPhoneSimulator.Build.0 = Release|iPhoneSimulator
		{2877BB71-F092-4260-A90D-AAA417DF07FC}.Release|x64.ActiveCfg = Release|iPhone
		{2877BB71-F092-4260-A90D-AAA417DF07FC}.Release|x86.ActiveCfg = Release|iPhone
		{71635AC3-0C86-40FD-B003-F408197D78AA}.Ad-Hoc|Any CPU.ActiveCfg = Release|x86
		{71635AC3-0C86-40FD-B003-F408197D78AA}.Ad-Hoc|Any CPU.Build.0 = Release|x86
		{71635AC3-0C86-40FD-B003-F408197D78AA}.Ad-Hoc|Any CPU.Deploy.0 = Release|x86
		{71635AC3-0C86-40FD-B003-F408197D78AA}.Ad-Hoc|ARM.ActiveCfg = Release|ARM
		{71635AC3-0C86-40FD-B003-F408197D78AA}.Ad-Hoc|ARM.Build.0 = Release|ARM
		{71635AC3-0C86-40FD-B003-F408197D78AA}.Ad-Hoc|ARM.Deploy.0 = Release|ARM
		{71635AC3-0C86-40FD-B003-F408197D78AA}.Ad-Hoc|iPhone.ActiveCfg = Release|x86
		{71635AC3-0C86-40FD-B003-F408197D78AA}.Ad-Hoc|iPhone.Build.0 = Release|x86
		{71635AC3-0C86-40FD-B003-F408197D78AA}.Ad-Hoc|iPhone.Deploy.0 = Release|x86
		{71635AC3-0C86-40FD-B003-F408197D78AA}.Ad-Hoc|iPhoneSimulator.ActiveCfg = Release|x86
		{71635AC3-0C86-40FD-B003-F408197D78AA}.Ad-Hoc|iPhoneSimulator.Build.0 = Release|x86
		{71635AC3-0C86-40FD-B003-F408197D78AA}.Ad-Hoc|iPhoneSimulator.Deploy.0 = Release|x86
		{71635AC3-0C86-40FD-B003-F408197D78AA}.Ad-Hoc|x64.ActiveCfg = Release|x64
		{71635AC3-0C86-40FD-B003-F408197D78AA}.Ad-Hoc|x64.Build.0 = Release|x64
		{71635AC3-0C86-40FD-B003-F408197D78AA}.Ad-Hoc|x64.Deploy.0 = Release|x64
		{71635AC3-0C86-40FD-B003-F408197D78AA}.Ad-Hoc|x86.ActiveCfg = Release|x86
		{71635AC3-0C86-40FD-B003-F408197D78AA}.Ad-Hoc|x86.Build.0 = Release|x86
		{71635AC3-0C86-40FD-B003-F408197D78AA}.Ad-Hoc|x86.Deploy.0 = Release|x86
		{71635AC3-0C86-40FD-B003-F408197D78AA}.AppStore|Any CPU.ActiveCfg = Release|x86
		{71635AC3-0C86-40FD-B003-F408197D78AA}.AppStore|Any CPU.Build.0 = Release|x86
		{71635AC3-0C86-40FD-B003-F408197D78AA}.AppStore|Any CPU.Deploy.0 = Release|x86
		{71635AC3-0C86-40FD-B003-F408197D78AA}.AppStore|ARM.ActiveCfg = Release|ARM
		{71635AC3-0C86-40FD-B003-F408197D78AA}.AppStore|ARM.Build.0 = Release|ARM
		{71635AC3-0C86-40FD-B003-F408197D78AA}.AppStore|ARM.Deploy.0 = Release|ARM
		{71635AC3-0C86-40FD-B003-F408197D78AA}.AppStore|iPhone.ActiveCfg = Release|x86
		{71635AC3-0C86-40FD-B003-F408197D78AA}.AppStore|iPhone.Build.0 = Release|x86
		{71635AC3-0C86-40FD-B003-F408197D78AA}.AppStore|iPhone.Deploy.0 = Release|x86
		{71635AC3-0C86-40FD-B003-F408197D78AA}.AppStore|iPhoneSimulator.ActiveCfg = Release|x86
		{71635AC3-0C86-40FD-B003-F408197D78AA}.AppStore|iPhoneSimulator.Build.0 = Release|x86
		{71635AC3-0C86-40FD-B003-F408197D78AA}.AppStore|iPhoneSimulator.Deploy.0 = Release|x86
		{71635AC3-0C86-40FD-B003-F408197D78AA}.AppStore|x64.ActiveCfg = Release|x64
		{71635AC3-0C86-40FD-B003-F408197D78AA}.AppStore|x64.Build.0 = Release|x64
		{71635AC3-0C86-40FD-B003-F408197D78AA}.AppStore|x64.Deploy.0 = Release|x64
		{71635AC3-0C86-40FD-B003-F408197D78AA}.AppStore|x86.ActiveCfg = Release|x86
		{71635AC3-0C86-40FD-B003-F408197D78AA}.AppStore|x86.Build.0 = Release|x86
		{71635AC3-0C86-40FD-B003-F408197D78AA}.AppStore|x86.Deploy.0 = Release|x86
		{71635AC3-0C86-40FD-B003-F408197D78AA}.Debug|Any CPU.ActiveCfg = Debug|x86
		{71635AC3-0C86-40FD-B003-F408197D78AA}.Debug|ARM.ActiveCfg = Debug|ARM
		{71635AC3-0C86-40FD-B003-F408197D78AA}.Debug|ARM.Build.0 = Debug|ARM
		{71635AC3-0C86-40FD-B003-F408197D78AA}.Debug|ARM.Deploy.0 = Debug|ARM
		{71635AC3-0C86-40FD-B003-F408197D78AA}.Debug|iPhone.ActiveCfg = Debug|x86
		{71635AC3-0C86-40FD-B003-F408197D78AA}.Debug|iPhoneSimulator.ActiveCfg = Debug|x86
		{71635AC3-0C86-40FD-B003-F408197D78AA}.Debug|x64.ActiveCfg = Debug|x64
		{71635AC3-0C86-40FD-B003-F408197D78AA}.Debug|x64.Build.0 = Debug|x64
		{71635AC3-0C86-40FD-B003-F408197D78AA}.Debug|x64.Deploy.0 = Debug|x64
		{71635AC3-0C86-40FD-B003-F408197D78AA}.Debug|x86.ActiveCfg = Debug|x86
		{71635AC3-0C86-40FD-B003-F408197D78AA}.Debug|x86.Build.0 = Debug|x86
		{71635AC3-0C86-40FD-B003-F408197D78AA}.Debug|x86.Deploy.0 = Debug|x86
		{71635AC3-0C86-40FD-B003-F408197D78AA}.Release|Any CPU.ActiveCfg = Release|x86
		{71635AC3-0C86-40FD-B003-F408197D78AA}.Release|ARM.ActiveCfg = Release|ARM
		{71635AC3-0C86-40FD-B003-F408197D78AA}.Release|ARM.Build.0 = Release|ARM
		{71635AC3-0C86-40FD-B003-F408197D78AA}.Release|ARM.Deploy.0 = Release|ARM
		{71635AC3-0C86-40FD-B003-F408197D78AA}.Release|iPhone.ActiveCfg = Release|x86
		{71635AC3-0C86-40FD-B003-F408197D78AA}.Release|iPhoneSimulator.ActiveCfg = Release|x86
		{71635AC3-0C86-40FD-B003-F408197D78AA}.Release|x64.ActiveCfg = Release|x64
		{71635AC3-0C86-40FD-B003-F408197D78AA}.Release|x64.Build.0 = Release|x64
		{71635AC3-0C86-40FD-B003-F408197D78AA}.Release|x64.Deploy.0 = Release|x64
		{71635AC3-0C86-40FD-B003-F408197D78AA}.Release|x86.ActiveCfg = Release|x86
		{71635AC3-0C86-40FD-B003-F408197D78AA}.Release|x86.Build.0 = Release|x86
		{71635AC3-0C86-40FD-B003-F408197D78AA}.Release|x86.Deploy.0 = Release|x86
	EndGlobalSection
	GlobalSection(SolutionProperties) = preSolution
		HideSolutionNode = FALSE
	EndGlobalSection
	GlobalSection(ExtensibilityGlobals) = postSolution
		SolutionGuid = {32B4D38A-8186-4D3B-86FA-CF69369A1701}
	EndGlobalSection
EndGlobal
